
Microsoft Visual Studio Solution File, Format Version 12.00
# Visual Studio Version 17
VisualStudioVersion = 17.12.35527.113
MinimumVisualStudioVersion = 10.0.40219.1
Project("{FAE04EC0-301F-11D3-BF4B-00C04F79EFBC}") = "ExcelToDataverseTool", "ExcelToDataverseTool\ExcelToDataverseTool.csproj", "{4A63CE09-6A90-441B-AF3C-6AD1F5325B93}"
EndProject
Project("{54435603-DBB4-11D2-8724-00A0C9A8B90C}") = "DataverseImportTool", "DataverseImportTool\DataverseImportTool.vdproj", "{DF44B9BC-EECC-4C42-8E40-2161F7F36814}"
EndProject
Global
	GlobalSection(SolutionConfigurationPlatforms) = preSolution
		Debug|Any CPU = Debug|Any CPU
		Debug|x86 = Debug|x86
		Release|Any CPU = Release|Any CPU
		Release|x86 = Release|x86
	EndGlobalSection
	GlobalSection(ProjectConfigurationPlatforms) = postSolution
		{4A63CE09-6A90-441B-AF3C-6AD1F5325B93}.Debug|Any CPU.ActiveCfg = Debug|Any CPU
		{4A63CE09-6A90-441B-AF3C-6AD1F5325B93}.Debug|Any CPU.Build.0 = Debug|Any CPU
		{4A63CE09-6A90-441B-AF3C-6AD1F5325B93}.Debug|x86.ActiveCfg = Debug|Any CPU
		{4A63CE09-6A90-441B-AF3C-6AD1F5325B93}.Debug|x86.Build.0 = Debug|Any CPU
		{4A63CE09-6A90-441B-AF3C-6AD1F5325B93}.Release|Any CPU.ActiveCfg = Release|Any CPU
		{4A63CE09-6A90-441B-AF3C-6AD1F5325B93}.Release|Any CPU.Build.0 = Release|Any CPU
		{4A63CE09-6A90-441B-AF3C-6AD1F5325B93}.Release|x86.ActiveCfg = Release|Any CPU
		{4A63CE09-6A90-441B-AF3C-6AD1F5325B93}.Release|x86.Build.0 = Release|Any CPU
		{DF44B9BC-EECC-4C42-8E40-2161F7F36814}.Debug|Any CPU.ActiveCfg = Debug
		{DF44B9BC-EECC-4C42-8E40-2161F7F36814}.Debug|x86.ActiveCfg = Debug
		{DF44B9BC-EECC-4C42-8E40-2161F7F36814}.Release|Any CPU.ActiveCfg = Release
		{DF44B9BC-EECC-4C42-8E40-2161F7F36814}.Release|x86.ActiveCfg = Release
	EndGlobalSection
	GlobalSection(SolutionProperties) = preSolution
		HideSolutionNode = FALSE
	EndGlobalSection
EndGlobal
